// !$*UTF8*$!
{
	archiveVersion = 1;
	classes = {
	};
	objectVersion = 48;
	objects = {

/* Begin PBXBuildFile section */
		94E876E01E495F2800FB96ED /* MSALUIBehavior.h in Headers */ = {isa = PBXBuildFile; fileRef = 94E876DE1E495EE600FB96ED /* MSALUIBehavior.h */; settings = {ATTRIBUTES = (Public, ); }; };
		962B1D801EC44D6D006E5A45 /* MSALWebFingerLink.m in Sources */ = {isa = PBXBuildFile; fileRef = 964736EB1EC3EEA700A7428E /* MSALWebFingerLink.m */; };
		964F651D1EC4F6920017D685 /* MSALInstanceDiscoveryResponse.m in Sources */ = {isa = PBXBuildFile; fileRef = 964F65181EC4F6920017D685 /* MSALInstanceDiscoveryResponse.m */; };
		964F65211EC4F6920017D685 /* MSALTenantDiscoveryResponse.m in Sources */ = {isa = PBXBuildFile; fileRef = 964F651A1EC4F6920017D685 /* MSALTenantDiscoveryResponse.m */; };
		96D9A5441E4AB1DC00674A85 /* MSALTelemetry.h in Headers */ = {isa = PBXBuildFile; fileRef = 96D9A5431E4AB1DC00674A85 /* MSALTelemetry.h */; settings = {ATTRIBUTES = (Public, ); }; };
		96F7FB0B1ECCDC2A00A7A0C1 /* MSALDrsDiscoveryResponse.m in Sources */ = {isa = PBXBuildFile; fileRef = 96F7FB061ECCDC2A00A7A0C1 /* MSALDrsDiscoveryResponse.m */; };
		96F7FB0F1ECCDC2A00A7A0C1 /* MSALWebFingerResponse.m in Sources */ = {isa = PBXBuildFile; fileRef = 96F7FB081ECCDC2A00A7A0C1 /* MSALWebFingerResponse.m */; };
		D61BD2A21EBD09F90007E484 /* MSALAppExtensionUtil.m in Sources */ = {isa = PBXBuildFile; fileRef = D61F5B9E1E5795E400912CB8 /* MSALAppExtensionUtil.m */; };
		D61BD2A31EBD09F90007E484 /* UIApplication+MSALExtensions.m in Sources */ = {isa = PBXBuildFile; fileRef = D61F5BA01E5795E400912CB8 /* UIApplication+MSALExtensions.m */; };
		D61BD2A41EBD09F90007E484 /* NSString+MSALHelperMethods.m in Sources */ = {isa = PBXBuildFile; fileRef = D673F0701E4411960018BA91 /* NSString+MSALHelperMethods.m */; };
		D61BD2A51EBD09F90007E484 /* NSDictionary+MSALExtensions.m in Sources */ = {isa = PBXBuildFile; fileRef = 96C9D93B1E49279D00047B93 /* NSDictionary+MSALExtensions.m */; };
		D61BD2A61EBD09F90007E484 /* NSOrderedSet+MSALExtensions.m in Sources */ = {isa = PBXBuildFile; fileRef = D69ADB151E50486400952049 /* NSOrderedSet+MSALExtensions.m */; };
		D61BD2A71EBD09F90007E484 /* NSMutableDictionary+MSALExtension.m in Sources */ = {isa = PBXBuildFile; fileRef = E02396EB1E7892AD004D6278 /* NSMutableDictionary+MSALExtension.m */; };
		D61BD2A81EBD09F90007E484 /* MSALIpAddressHelper.m in Sources */ = {isa = PBXBuildFile; fileRef = E02396EE1E78CC26004D6278 /* MSALIpAddressHelper.m */; };
		D61BD2A91EBD09F90007E484 /* MSALCryptoHelper.m in Sources */ = {isa = PBXBuildFile; fileRef = 96D62F7B1E8DCC3200941DEA /* MSALCryptoHelper.m */; };
		D61BD2AA1EBD09F90007E484 /* NSURL+MSALExtensions.m in Sources */ = {isa = PBXBuildFile; fileRef = 968674F21E985AC3009F2BF4 /* NSURL+MSALExtensions.m */; };
		D61BD2AB1EBD09F90007E484 /* MSALOAuth2Constants.m in Sources */ = {isa = PBXBuildFile; fileRef = 96D9A5371E4AA56800674A85 /* MSALOAuth2Constants.m */; };
		D61BD2AC1EBD09F90007E484 /* MSALError_Internal.m in Sources */ = {isa = PBXBuildFile; fileRef = D673F0781E4A633B0018BA91 /* MSALError_Internal.m */; };
		D61BD2AD1EBD09F90007E484 /* MSALError.m in Sources */ = {isa = PBXBuildFile; fileRef = D65A6F741E3FF3D900C69FBA /* MSALError.m */; };
		D61BD2AE1EBD09F90007E484 /* MSALJsonObject.m in Sources */ = {isa = PBXBuildFile; fileRef = D65A6F761E3FF3D900C69FBA /* MSALJsonObject.m */; };
		D61BD2AF1EBD09F90007E484 /* MSALLogger.m in Sources */ = {isa = PBXBuildFile; fileRef = D65A6F771E3FF3D900C69FBA /* MSALLogger.m */; };
		D61BD2B01EBD09F90007E484 /* MSALPublicClientApplication.m in Sources */ = {isa = PBXBuildFile; fileRef = D65A6F781E3FF3D900C69FBA /* MSALPublicClientApplication.m */; };
		D61BD2B11EBD09F90007E484 /* MSALResult.m in Sources */ = {isa = PBXBuildFile; fileRef = D65A6F791E3FF3D900C69FBA /* MSALResult.m */; };
		D61BD2B21EBD09F90007E484 /* MSALUser.m in Sources */ = {isa = PBXBuildFile; fileRef = D65A6F7A1E3FF3D900C69FBA /* MSALUser.m */; };
		D61BD2B31EBD09F90007E484 /* MSALUIBehavior.m in Sources */ = {isa = PBXBuildFile; fileRef = D69ADB1A1E50531300952049 /* MSALUIBehavior.m */; };
		D61BD2B41EBD09F90007E484 /* MSALIdToken.m in Sources */ = {isa = PBXBuildFile; fileRef = 60DEF13D1E633B5300966664 /* MSALIdToken.m */; };
		D61BD2B51EBD09F90007E484 /* MSALClientInfo.m in Sources */ = {isa = PBXBuildFile; fileRef = 60FEEED21E8AF8A000F96A4A /* MSALClientInfo.m */; };
		D61BD2B61EBD09FC0007E484 /* MSALWebUI.m in Sources */ = {isa = PBXBuildFile; fileRef = D61F5B941E57953600912CB8 /* MSALWebUI.m */; };
		D61BD2B71EBD0A010007E484 /* MSALTelemetryBaseEvent.m in Sources */ = {isa = PBXBuildFile; fileRef = E02396D61E787D7C004D6278 /* MSALTelemetryBaseEvent.m */; };
		D61BD2B81EBD0A010007E484 /* MSALTelemetryAPIEvent.m in Sources */ = {isa = PBXBuildFile; fileRef = E02396D91E787FA7004D6278 /* MSALTelemetryAPIEvent.m */; };
		D61BD2B91EBD0A010007E484 /* MSALTelemetryUIEvent.m in Sources */ = {isa = PBXBuildFile; fileRef = E02396DC1E78801D004D6278 /* MSALTelemetryUIEvent.m */; };
		D61BD2BA1EBD0A010007E484 /* MSALTelemetryHttpEvent.m in Sources */ = {isa = PBXBuildFile; fileRef = E02396DF1E78804E004D6278 /* MSALTelemetryHttpEvent.m */; };
		D61BD2BB1EBD0A010007E484 /* MSALTelemetryCacheEvent.m in Sources */ = {isa = PBXBuildFile; fileRef = E02396E21E78806A004D6278 /* MSALTelemetryCacheEvent.m */; };
		D61BD2BC1EBD0A010007E484 /* MSALTelemetryDefaultEvent.m in Sources */ = {isa = PBXBuildFile; fileRef = E02396E81E788398004D6278 /* MSALTelemetryDefaultEvent.m */; };
		D61BD2BD1EBD0A010007E484 /* MSALTelemetry.m in Sources */ = {isa = PBXBuildFile; fileRef = 96D9A5471E4AB22900674A85 /* MSALTelemetry.m */; };
		D61BD2BE1EBD0A010007E484 /* MSALTelemetryEventStrings.m in Sources */ = {isa = PBXBuildFile; fileRef = 96D455D21E4AB4DA002C9C3C /* MSALTelemetryEventStrings.m */; };
		D61BD2BF1EBD0A010007E484 /* MSALDefaultDispatcher.m in Sources */ = {isa = PBXBuildFile; fileRef = E02396D21E776F10004D6278 /* MSALDefaultDispatcher.m */; };
		D61BD2C01EBD0A080007E484 /* MSALBaseRequest.m in Sources */ = {isa = PBXBuildFile; fileRef = 94E876D01E49369500FB96ED /* MSALBaseRequest.m */; };
		D61BD2C11EBD0A080007E484 /* MSALInteractiveRequest.m in Sources */ = {isa = PBXBuildFile; fileRef = 94E876DA1E493DC600FB96ED /* MSALInteractiveRequest.m */; };
		D61BD2C21EBD0A080007E484 /* MSALSilentRequest.m in Sources */ = {isa = PBXBuildFile; fileRef = 965B86131E5ED5F1004AEB59 /* MSALSilentRequest.m */; };
		D61BD2C31EBD0A080007E484 /* MSALOAuth2Response.m in Sources */ = {isa = PBXBuildFile; fileRef = D61F5BDE1E596F2700912CB8 /* MSALOAuth2Response.m */; };
		D61BD2C41EBD0A080007E484 /* MSALRequestParameters.m in Sources */ = {isa = PBXBuildFile; fileRef = 94E876C51E492BC300FB96ED /* MSALRequestParameters.m */; };
		D61BD2C51EBD0A080007E484 /* MSALTokenResponse.m in Sources */ = {isa = PBXBuildFile; fileRef = D61F5BE31E596F4500912CB8 /* MSALTokenResponse.m */; };
		D61BD2C61EBD0A080007E484 /* MSALWebAuthRequest.m in Sources */ = {isa = PBXBuildFile; fileRef = 9631CFF71E4558770057BE7F /* MSALWebAuthRequest.m */; };
		D61BD2C71EBD0A080007E484 /* MSALWebAuthResponse.m in Sources */ = {isa = PBXBuildFile; fileRef = 9631CFF91E4558770057BE7F /* MSALWebAuthResponse.m */; };
		D61BD2C81EBD0A0B0007E484 /* MSALOAuth2ResponseBase.m in Sources */ = {isa = PBXBuildFile; fileRef = D65A6F7D1E3FF3D900C69FBA /* MSALOAuth2ResponseBase.m */; };
		D61BD2C91EBD0A0F0007E484 /* MSALAuthority.m in Sources */ = {isa = PBXBuildFile; fileRef = 94E876CB1E492D6000FB96ED /* MSALAuthority.m */; };
		D61BD2CA1EBD0A0F0007E484 /* MSALAuthorityBaseResolver.m in Sources */ = {isa = PBXBuildFile; fileRef = 966360531E56931F00A8360F /* MSALAuthorityBaseResolver.m */; };
		D61BD2CB1EBD0A0F0007E484 /* MSALAadAuthorityResolver.m in Sources */ = {isa = PBXBuildFile; fileRef = 9675A14D1E53DFC0002A4741 /* MSALAadAuthorityResolver.m */; };
		D61BD2CC1EBD0A0F0007E484 /* MSALAdfsAuthorityResolver.m in Sources */ = {isa = PBXBuildFile; fileRef = 96E62C261E6F740A00FC1CB2 /* MSALAdfsAuthorityResolver.m */; };
		D61BD2CD1EBD0A0F0007E484 /* MSALB2CAuthorityResolver.m in Sources */ = {isa = PBXBuildFile; fileRef = 96E62C2B1E6F741D00FC1CB2 /* MSALB2CAuthorityResolver.m */; };
		D61BD2D01EBD0A120007E484 /* MSALHttpRequest.m in Sources */ = {isa = PBXBuildFile; fileRef = 963B4B501E4BAC200025EFC1 /* MSALHttpRequest.m */; };
		D61BD2D11EBD0A120007E484 /* MSALHttpResponse.m in Sources */ = {isa = PBXBuildFile; fileRef = 963B4B521E4BAC200025EFC1 /* MSALHttpResponse.m */; };
		D61BD2D21EBD0A120007E484 /* MSALURLSessionDelegate.m in Sources */ = {isa = PBXBuildFile; fileRef = 96ED57F31E4D52180063B3EE /* MSALURLSessionDelegate.m */; };
		D61BD2D31EBD0A120007E484 /* MSALURLSession.m in Sources */ = {isa = PBXBuildFile; fileRef = 967317DF1E551D17004E6203 /* MSALURLSession.m */; };
		D61BD2D41EBD0A1B0007E484 /* MSALBaseTokenCacheItem.m in Sources */ = {isa = PBXBuildFile; fileRef = D65A6F6C1E3FF3D900C69FBA /* MSALBaseTokenCacheItem.m */; };
		D61BD2D51EBD0A1B0007E484 /* MSALRefreshTokenCacheItem.m in Sources */ = {isa = PBXBuildFile; fileRef = D65A6F6E1E3FF3D900C69FBA /* MSALRefreshTokenCacheItem.m */; };
		D61BD2D61EBD0A1B0007E484 /* MSALAccessTokenCacheItem.m in Sources */ = {isa = PBXBuildFile; fileRef = D65A6F701E3FF3D900C69FBA /* MSALAccessTokenCacheItem.m */; };
		D61BD2D71EBD0A1B0007E484 /* MSALTokenCacheKeyBase.m in Sources */ = {isa = PBXBuildFile; fileRef = D65A6F721E3FF3D900C69FBA /* MSALTokenCacheKeyBase.m */; };
		D61BD2D81EBD0A1C0007E484 /* MSALAccessTokenCacheKey.m in Sources */ = {isa = PBXBuildFile; fileRef = 6030A24D1E944751008B838D /* MSALAccessTokenCacheKey.m */; };
		D61BD2D91EBD0A1C0007E484 /* MSALRefreshTokenCacheKey.m in Sources */ = {isa = PBXBuildFile; fileRef = 6030A2511E94478E008B838D /* MSALRefreshTokenCacheKey.m */; };
		D61BD2DA1EBD0A1C0007E484 /* MSALTokenCache.m in Sources */ = {isa = PBXBuildFile; fileRef = 60DEF1631E7099A200966664 /* MSALTokenCache.m */; };
		D61BD2DC1EBD0A210007E484 /* MSALKeychainTokenCache.m in Sources */ = {isa = PBXBuildFile; fileRef = D65A6F6A1E3FF3D900C69FBA /* MSALKeychainTokenCache.m */; };
		D61BD2DD1EBD0A240007E484 /* MSALPkce.m in Sources */ = {isa = PBXBuildFile; fileRef = 969B86861E776042000AF437 /* MSALPkce.m */; };
		D61F5BCA1E59359900912CB8 /* MSALFramework.m in Sources */ = {isa = PBXBuildFile; fileRef = D61F5BC91E59359900912CB8 /* MSALFramework.m */; };
		D65A6FB11E3FF41D00C69FBA /* MSAL.h in Headers */ = {isa = PBXBuildFile; fileRef = D65A6F811E3FF3D900C69FBA /* MSAL.h */; settings = {ATTRIBUTES = (Public, ); }; };
		D65A6FB21E3FF41D00C69FBA /* MSALError.h in Headers */ = {isa = PBXBuildFile; fileRef = D65A6F821E3FF3D900C69FBA /* MSALError.h */; settings = {ATTRIBUTES = (Public, ); }; };
		D65A6FB31E3FF41D00C69FBA /* MSALLogger.h in Headers */ = {isa = PBXBuildFile; fileRef = D65A6F831E3FF3D900C69FBA /* MSALLogger.h */; settings = {ATTRIBUTES = (Public, ); }; };
		D65A6FB41E3FF41D00C69FBA /* MSALPublicClientApplication.h in Headers */ = {isa = PBXBuildFile; fileRef = D65A6F841E3FF3D900C69FBA /* MSALPublicClientApplication.h */; settings = {ATTRIBUTES = (Public, ); }; };
		D65A6FB51E3FF41D00C69FBA /* MSALResult.h in Headers */ = {isa = PBXBuildFile; fileRef = D65A6F851E3FF3D900C69FBA /* MSALResult.h */; settings = {ATTRIBUTES = (Public, ); }; };
		D65A6FB61E3FF41D00C69FBA /* MSALUser.h in Headers */ = {isa = PBXBuildFile; fileRef = D65A6F861E3FF3D900C69FBA /* MSALUser.h */; settings = {ATTRIBUTES = (Public, ); }; };
/* End PBXBuildFile section */

/* Begin PBXFileReference section */
		6030A24C1E94472E008B838D /* MSALAccessTokenCacheKey.h */ = {isa = PBXFileReference; lastKnownFileType = sourcecode.c.h; path = MSALAccessTokenCacheKey.h; sourceTree = "<group>"; };
		6030A24D1E944751008B838D /* MSALAccessTokenCacheKey.m */ = {isa = PBXFileReference; fileEncoding = 4; lastKnownFileType = sourcecode.c.objc; path = MSALAccessTokenCacheKey.m; sourceTree = "<group>"; };
		6030A2501E944775008B838D /* MSALRefreshTokenCacheKey.h */ = {isa = PBXFileReference; lastKnownFileType = sourcecode.c.h; path = MSALRefreshTokenCacheKey.h; sourceTree = "<group>"; };
		6030A2511E94478E008B838D /* MSALRefreshTokenCacheKey.m */ = {isa = PBXFileReference; fileEncoding = 4; lastKnownFileType = sourcecode.c.objc; path = MSALRefreshTokenCacheKey.m; sourceTree = "<group>"; };
		60DEF13B1E60AD6600966664 /* MSALKeychainTokenCache.h */ = {isa = PBXFileReference; lastKnownFileType = sourcecode.c.h; path = MSALKeychainTokenCache.h; sourceTree = "<group>"; };
		60DEF13C1E633B2500966664 /* MSALIdToken.h */ = {isa = PBXFileReference; lastKnownFileType = sourcecode.c.h; path = MSALIdToken.h; sourceTree = "<group>"; };
		60DEF13D1E633B5300966664 /* MSALIdToken.m */ = {isa = PBXFileReference; fileEncoding = 4; lastKnownFileType = sourcecode.c.objc; path = MSALIdToken.m; sourceTree = "<group>"; };
		60DEF1611E70997A00966664 /* MSALTokenCache.h */ = {isa = PBXFileReference; fileEncoding = 4; lastKnownFileType = sourcecode.c.h; path = MSALTokenCache.h; sourceTree = "<group>"; };
		60DEF1631E7099A200966664 /* MSALTokenCache.m */ = {isa = PBXFileReference; fileEncoding = 4; lastKnownFileType = sourcecode.c.objc; path = MSALTokenCache.m; sourceTree = "<group>"; };
		60DEF1661E70BCA200966664 /* MSALTokenCacheAccessor.h */ = {isa = PBXFileReference; lastKnownFileType = sourcecode.c.h; path = MSALTokenCacheAccessor.h; sourceTree = "<group>"; };
		60FEEED11E8AF75D00F96A4A /* MSALClientInfo.h */ = {isa = PBXFileReference; lastKnownFileType = sourcecode.c.h; path = MSALClientInfo.h; sourceTree = "<group>"; };
		60FEEED21E8AF8A000F96A4A /* MSALClientInfo.m */ = {isa = PBXFileReference; fileEncoding = 4; lastKnownFileType = sourcecode.c.objc; path = MSALClientInfo.m; sourceTree = "<group>"; };
		94E876B01E4556B400FB96ED /* MSAL.pch */ = {isa = PBXFileReference; lastKnownFileType = sourcecode.c.h; path = MSAL.pch; sourceTree = "<group>"; };
		94E876C41E492BC300FB96ED /* MSALRequestParameters.h */ = {isa = PBXFileReference; fileEncoding = 4; lastKnownFileType = sourcecode.c.h; path = MSALRequestParameters.h; sourceTree = "<group>"; };
		94E876C51E492BC300FB96ED /* MSALRequestParameters.m */ = {isa = PBXFileReference; fileEncoding = 4; lastKnownFileType = sourcecode.c.objc; path = MSALRequestParameters.m; sourceTree = "<group>"; };
		94E876CA1E492D6000FB96ED /* MSALAuthority.h */ = {isa = PBXFileReference; fileEncoding = 4; lastKnownFileType = sourcecode.c.h; path = MSALAuthority.h; sourceTree = "<group>"; };
		94E876CB1E492D6000FB96ED /* MSALAuthority.m */ = {isa = PBXFileReference; fileEncoding = 4; lastKnownFileType = sourcecode.c.objc; path = MSALAuthority.m; sourceTree = "<group>"; };
		94E876CF1E49369500FB96ED /* MSALBaseRequest.h */ = {isa = PBXFileReference; fileEncoding = 4; lastKnownFileType = sourcecode.c.h; path = MSALBaseRequest.h; sourceTree = "<group>"; };
		94E876D01E49369500FB96ED /* MSALBaseRequest.m */ = {isa = PBXFileReference; fileEncoding = 4; lastKnownFileType = sourcecode.c.objc; path = MSALBaseRequest.m; sourceTree = "<group>"; };
		94E876D91E493DC600FB96ED /* MSALInteractiveRequest.h */ = {isa = PBXFileReference; fileEncoding = 4; lastKnownFileType = sourcecode.c.h; path = MSALInteractiveRequest.h; sourceTree = "<group>"; };
		94E876DA1E493DC600FB96ED /* MSALInteractiveRequest.m */ = {isa = PBXFileReference; fileEncoding = 4; lastKnownFileType = sourcecode.c.objc; path = MSALInteractiveRequest.m; sourceTree = "<group>"; };
		94E876DE1E495EE600FB96ED /* MSALUIBehavior.h */ = {isa = PBXFileReference; lastKnownFileType = sourcecode.c.h; path = MSALUIBehavior.h; sourceTree = "<group>"; };
		962E37A51E720B7E00DE71FE /* msal__ios__automation_app.xcconfig */ = {isa = PBXFileReference; lastKnownFileType = text.xcconfig; path = msal__ios__automation_app.xcconfig; sourceTree = "<group>"; };
		9631CFF61E4558770057BE7F /* MSALWebAuthRequest.h */ = {isa = PBXFileReference; fileEncoding = 4; lastKnownFileType = sourcecode.c.h; path = MSALWebAuthRequest.h; sourceTree = "<group>"; };
		9631CFF71E4558770057BE7F /* MSALWebAuthRequest.m */ = {isa = PBXFileReference; fileEncoding = 4; lastKnownFileType = sourcecode.c.objc; path = MSALWebAuthRequest.m; sourceTree = "<group>"; };
		9631CFF81E4558770057BE7F /* MSALWebAuthResponse.h */ = {isa = PBXFileReference; fileEncoding = 4; lastKnownFileType = sourcecode.c.h; path = MSALWebAuthResponse.h; sourceTree = "<group>"; };
		9631CFF91E4558770057BE7F /* MSALWebAuthResponse.m */ = {isa = PBXFileReference; fileEncoding = 4; lastKnownFileType = sourcecode.c.objc; path = MSALWebAuthResponse.m; sourceTree = "<group>"; };
		963B4B4F1E4BAC200025EFC1 /* MSALHttpRequest.h */ = {isa = PBXFileReference; fileEncoding = 4; lastKnownFileType = sourcecode.c.h; path = MSALHttpRequest.h; sourceTree = "<group>"; };
		963B4B501E4BAC200025EFC1 /* MSALHttpRequest.m */ = {isa = PBXFileReference; fileEncoding = 4; lastKnownFileType = sourcecode.c.objc; path = MSALHttpRequest.m; sourceTree = "<group>"; };
		963B4B511E4BAC200025EFC1 /* MSALHttpResponse.h */ = {isa = PBXFileReference; fileEncoding = 4; lastKnownFileType = sourcecode.c.h; path = MSALHttpResponse.h; sourceTree = "<group>"; };
		963B4B521E4BAC200025EFC1 /* MSALHttpResponse.m */ = {isa = PBXFileReference; fileEncoding = 4; lastKnownFileType = sourcecode.c.objc; path = MSALHttpResponse.m; sourceTree = "<group>"; };
		964736EA1EC3EEA700A7428E /* MSALWebFingerLink.h */ = {isa = PBXFileReference; fileEncoding = 4; lastKnownFileType = sourcecode.c.h; path = MSALWebFingerLink.h; sourceTree = "<group>"; };
		964736EB1EC3EEA700A7428E /* MSALWebFingerLink.m */ = {isa = PBXFileReference; fileEncoding = 4; lastKnownFileType = sourcecode.c.objc; path = MSALWebFingerLink.m; sourceTree = "<group>"; };
		964F65171EC4F6920017D685 /* MSALInstanceDiscoveryResponse.h */ = {isa = PBXFileReference; fileEncoding = 4; lastKnownFileType = sourcecode.c.h; path = MSALInstanceDiscoveryResponse.h; sourceTree = "<group>"; };
		964F65181EC4F6920017D685 /* MSALInstanceDiscoveryResponse.m */ = {isa = PBXFileReference; fileEncoding = 4; lastKnownFileType = sourcecode.c.objc; path = MSALInstanceDiscoveryResponse.m; sourceTree = "<group>"; };
		964F65191EC4F6920017D685 /* MSALTenantDiscoveryResponse.h */ = {isa = PBXFileReference; fileEncoding = 4; lastKnownFileType = sourcecode.c.h; path = MSALTenantDiscoveryResponse.h; sourceTree = "<group>"; };
		964F651A1EC4F6920017D685 /* MSALTenantDiscoveryResponse.m */ = {isa = PBXFileReference; fileEncoding = 4; lastKnownFileType = sourcecode.c.objc; path = MSALTenantDiscoveryResponse.m; sourceTree = "<group>"; };
		965B86121E5ED5F1004AEB59 /* MSALSilentRequest.h */ = {isa = PBXFileReference; fileEncoding = 4; lastKnownFileType = sourcecode.c.h; path = MSALSilentRequest.h; sourceTree = "<group>"; };
		965B86131E5ED5F1004AEB59 /* MSALSilentRequest.m */ = {isa = PBXFileReference; fileEncoding = 4; lastKnownFileType = sourcecode.c.objc; path = MSALSilentRequest.m; sourceTree = "<group>"; };
		966360521E56931F00A8360F /* MSALAuthorityBaseResolver.h */ = {isa = PBXFileReference; fileEncoding = 4; lastKnownFileType = sourcecode.c.h; path = MSALAuthorityBaseResolver.h; sourceTree = "<group>"; };
		966360531E56931F00A8360F /* MSALAuthorityBaseResolver.m */ = {isa = PBXFileReference; fileEncoding = 4; lastKnownFileType = sourcecode.c.objc; path = MSALAuthorityBaseResolver.m; sourceTree = "<group>"; };
		967317DE1E551D17004E6203 /* MSALURLSession.h */ = {isa = PBXFileReference; fileEncoding = 4; lastKnownFileType = sourcecode.c.h; path = MSALURLSession.h; sourceTree = "<group>"; };
		967317DF1E551D17004E6203 /* MSALURLSession.m */ = {isa = PBXFileReference; fileEncoding = 4; lastKnownFileType = sourcecode.c.objc; path = MSALURLSession.m; sourceTree = "<group>"; };
		9675A14C1E53DFC0002A4741 /* MSALAadAuthorityResolver.h */ = {isa = PBXFileReference; fileEncoding = 4; lastKnownFileType = sourcecode.c.h; path = MSALAadAuthorityResolver.h; sourceTree = "<group>"; };
		9675A14D1E53DFC0002A4741 /* MSALAadAuthorityResolver.m */ = {isa = PBXFileReference; fileEncoding = 4; lastKnownFileType = sourcecode.c.objc; path = MSALAadAuthorityResolver.m; sourceTree = "<group>"; };
		968674F11E985AC3009F2BF4 /* NSURL+MSALExtensions.h */ = {isa = PBXFileReference; fileEncoding = 4; lastKnownFileType = sourcecode.c.h; path = "NSURL+MSALExtensions.h"; sourceTree = "<group>"; };
		968674F21E985AC3009F2BF4 /* NSURL+MSALExtensions.m */ = {isa = PBXFileReference; fileEncoding = 4; lastKnownFileType = sourcecode.c.objc; path = "NSURL+MSALExtensions.m"; sourceTree = "<group>"; };
		969B86851E776042000AF437 /* MSALPkce.h */ = {isa = PBXFileReference; fileEncoding = 4; lastKnownFileType = sourcecode.c.h; path = MSALPkce.h; sourceTree = "<group>"; };
		969B86861E776042000AF437 /* MSALPkce.m */ = {isa = PBXFileReference; fileEncoding = 4; lastKnownFileType = sourcecode.c.objc; path = MSALPkce.m; sourceTree = "<group>"; };
		96C9D93A1E49279D00047B93 /* NSDictionary+MSALExtensions.h */ = {isa = PBXFileReference; fileEncoding = 4; lastKnownFileType = sourcecode.c.h; path = "NSDictionary+MSALExtensions.h"; sourceTree = "<group>"; };
		96C9D93B1E49279D00047B93 /* NSDictionary+MSALExtensions.m */ = {isa = PBXFileReference; fileEncoding = 4; lastKnownFileType = sourcecode.c.objc; path = "NSDictionary+MSALExtensions.m"; sourceTree = "<group>"; };
		96D455D11E4AB4DA002C9C3C /* MSALTelemetryEventStrings.h */ = {isa = PBXFileReference; fileEncoding = 4; lastKnownFileType = sourcecode.c.h; path = MSALTelemetryEventStrings.h; sourceTree = "<group>"; };
		96D455D21E4AB4DA002C9C3C /* MSALTelemetryEventStrings.m */ = {isa = PBXFileReference; fileEncoding = 4; lastKnownFileType = sourcecode.c.objc; path = MSALTelemetryEventStrings.m; sourceTree = "<group>"; };
		96D62F7A1E8DCC3200941DEA /* MSALCryptoHelper.h */ = {isa = PBXFileReference; fileEncoding = 4; lastKnownFileType = sourcecode.c.h; path = MSALCryptoHelper.h; sourceTree = "<group>"; };
		96D62F7B1E8DCC3200941DEA /* MSALCryptoHelper.m */ = {isa = PBXFileReference; fileEncoding = 4; lastKnownFileType = sourcecode.c.objc; path = MSALCryptoHelper.m; sourceTree = "<group>"; };
		96D9A5361E4AA56800674A85 /* MSALOAuth2Constants.h */ = {isa = PBXFileReference; fileEncoding = 4; lastKnownFileType = sourcecode.c.h; path = MSALOAuth2Constants.h; sourceTree = "<group>"; };
		96D9A5371E4AA56800674A85 /* MSALOAuth2Constants.m */ = {isa = PBXFileReference; fileEncoding = 4; lastKnownFileType = sourcecode.c.objc; path = MSALOAuth2Constants.m; sourceTree = "<group>"; };
		96D9A5431E4AB1DC00674A85 /* MSALTelemetry.h */ = {isa = PBXFileReference; fileEncoding = 4; lastKnownFileType = sourcecode.c.h; path = MSALTelemetry.h; sourceTree = "<group>"; };
		96D9A5471E4AB22900674A85 /* MSALTelemetry.m */ = {isa = PBXFileReference; fileEncoding = 4; lastKnownFileType = sourcecode.c.objc; path = MSALTelemetry.m; sourceTree = "<group>"; };
		96D9A54C1E4AB3BD00674A85 /* MSALTelemetry+Internal.h */ = {isa = PBXFileReference; lastKnownFileType = sourcecode.c.h; path = "MSALTelemetry+Internal.h"; sourceTree = "<group>"; };
		96E62C251E6F740A00FC1CB2 /* MSALAdfsAuthorityResolver.h */ = {isa = PBXFileReference; fileEncoding = 4; lastKnownFileType = sourcecode.c.h; path = MSALAdfsAuthorityResolver.h; sourceTree = "<group>"; };
		96E62C261E6F740A00FC1CB2 /* MSALAdfsAuthorityResolver.m */ = {isa = PBXFileReference; fileEncoding = 4; lastKnownFileType = sourcecode.c.objc; path = MSALAdfsAuthorityResolver.m; sourceTree = "<group>"; };
		96E62C2A1E6F741D00FC1CB2 /* MSALB2CAuthorityResolver.h */ = {isa = PBXFileReference; fileEncoding = 4; lastKnownFileType = sourcecode.c.h; path = MSALB2CAuthorityResolver.h; sourceTree = "<group>"; };
		96E62C2B1E6F741D00FC1CB2 /* MSALB2CAuthorityResolver.m */ = {isa = PBXFileReference; fileEncoding = 4; lastKnownFileType = sourcecode.c.objc; path = MSALB2CAuthorityResolver.m; sourceTree = "<group>"; };
		96ED57F21E4D52180063B3EE /* MSALURLSessionDelegate.h */ = {isa = PBXFileReference; fileEncoding = 4; lastKnownFileType = sourcecode.c.h; path = MSALURLSessionDelegate.h; sourceTree = "<group>"; };
		96ED57F31E4D52180063B3EE /* MSALURLSessionDelegate.m */ = {isa = PBXFileReference; fileEncoding = 4; lastKnownFileType = sourcecode.c.objc; path = MSALURLSessionDelegate.m; sourceTree = "<group>"; };
		96F7FB051ECCDC2A00A7A0C1 /* MSALDrsDiscoveryResponse.h */ = {isa = PBXFileReference; fileEncoding = 4; lastKnownFileType = sourcecode.c.h; path = MSALDrsDiscoveryResponse.h; sourceTree = "<group>"; };
		96F7FB061ECCDC2A00A7A0C1 /* MSALDrsDiscoveryResponse.m */ = {isa = PBXFileReference; fileEncoding = 4; lastKnownFileType = sourcecode.c.objc; path = MSALDrsDiscoveryResponse.m; sourceTree = "<group>"; };
		96F7FB071ECCDC2A00A7A0C1 /* MSALWebFingerResponse.h */ = {isa = PBXFileReference; fileEncoding = 4; lastKnownFileType = sourcecode.c.h; path = MSALWebFingerResponse.h; sourceTree = "<group>"; };
		96F7FB081ECCDC2A00A7A0C1 /* MSALWebFingerResponse.m */ = {isa = PBXFileReference; fileEncoding = 4; lastKnownFileType = sourcecode.c.objc; path = MSALWebFingerResponse.m; sourceTree = "<group>"; };
		D61A63F11E5979200086D120 /* MSALResult+Internal.h */ = {isa = PBXFileReference; fileEncoding = 4; lastKnownFileType = sourcecode.c.h; path = "MSALResult+Internal.h"; sourceTree = "<group>"; };
		D61A64661E5AA6B40086D120 /* msal__ios__test_app.xcconfig */ = {isa = PBXFileReference; lastKnownFileType = text.xcconfig; path = msal__ios__test_app.xcconfig; sourceTree = "<group>"; };
		D61A64671E5AA6BE0086D120 /* msal__mac__test_app.xcconfig */ = {isa = PBXFileReference; lastKnownFileType = text.xcconfig; path = msal__mac__test_app.xcconfig; sourceTree = "<group>"; };
		D61F5B941E57953600912CB8 /* MSALWebUI.m */ = {isa = PBXFileReference; lastKnownFileType = sourcecode.c.objc; path = MSALWebUI.m; sourceTree = "<group>"; };
		D61F5B971E57953600912CB8 /* MSALWebUI.h */ = {isa = PBXFileReference; lastKnownFileType = sourcecode.c.h; path = MSALWebUI.h; sourceTree = "<group>"; };
		D61F5B9D1E5795E400912CB8 /* MSALAppExtensionUtil.h */ = {isa = PBXFileReference; fileEncoding = 4; lastKnownFileType = sourcecode.c.h; path = MSALAppExtensionUtil.h; sourceTree = "<group>"; };
		D61F5B9E1E5795E400912CB8 /* MSALAppExtensionUtil.m */ = {isa = PBXFileReference; fileEncoding = 4; lastKnownFileType = sourcecode.c.objc; path = MSALAppExtensionUtil.m; sourceTree = "<group>"; };
		D61F5B9F1E5795E400912CB8 /* UIApplication+MSALExtensions.h */ = {isa = PBXFileReference; fileEncoding = 4; lastKnownFileType = sourcecode.c.h; path = "UIApplication+MSALExtensions.h"; sourceTree = "<group>"; };
		D61F5BA01E5795E400912CB8 /* UIApplication+MSALExtensions.m */ = {isa = PBXFileReference; fileEncoding = 4; lastKnownFileType = sourcecode.c.objc; path = "UIApplication+MSALExtensions.m"; sourceTree = "<group>"; };
		D61F5BC91E59359900912CB8 /* MSALFramework.m */ = {isa = PBXFileReference; fileEncoding = 4; lastKnownFileType = sourcecode.c.objc; path = MSALFramework.m; sourceTree = "<group>"; };
		D61F5BDD1E596F2700912CB8 /* MSALOAuth2Response.h */ = {isa = PBXFileReference; fileEncoding = 4; lastKnownFileType = sourcecode.c.h; path = MSALOAuth2Response.h; sourceTree = "<group>"; };
		D61F5BDE1E596F2700912CB8 /* MSALOAuth2Response.m */ = {isa = PBXFileReference; fileEncoding = 4; lastKnownFileType = sourcecode.c.objc; path = MSALOAuth2Response.m; sourceTree = "<group>"; };
		D61F5BE21E596F4500912CB8 /* MSALTokenResponse.h */ = {isa = PBXFileReference; fileEncoding = 4; lastKnownFileType = sourcecode.c.h; path = MSALTokenResponse.h; sourceTree = "<group>"; };
		D61F5BE31E596F4500912CB8 /* MSALTokenResponse.m */ = {isa = PBXFileReference; fileEncoding = 4; lastKnownFileType = sourcecode.c.objc; path = MSALTokenResponse.m; sourceTree = "<group>"; };
		D62746D11E9B38AF00EFCE99 /* MSALPublicClientApplication+Internal.h */ = {isa = PBXFileReference; fileEncoding = 4; lastKnownFileType = sourcecode.c.h; path = "MSALPublicClientApplication+Internal.h"; sourceTree = "<group>"; };
		D65A6F431E3FD30A00C69FBA /* MSAL.framework */ = {isa = PBXFileReference; explicitFileType = wrapper.framework; includeInIndex = 0; path = MSAL.framework; sourceTree = BUILT_PRODUCTS_DIR; };
		D65A6F6A1E3FF3D900C69FBA /* MSALKeychainTokenCache.m */ = {isa = PBXFileReference; fileEncoding = 4; lastKnownFileType = sourcecode.c.objc; path = MSALKeychainTokenCache.m; sourceTree = "<group>"; };
		D65A6F6B1E3FF3D900C69FBA /* MSALBaseTokenCacheItem.h */ = {isa = PBXFileReference; fileEncoding = 4; lastKnownFileType = sourcecode.c.h; path = MSALBaseTokenCacheItem.h; sourceTree = "<group>"; };
		D65A6F6C1E3FF3D900C69FBA /* MSALBaseTokenCacheItem.m */ = {isa = PBXFileReference; fileEncoding = 4; lastKnownFileType = sourcecode.c.objc; path = MSALBaseTokenCacheItem.m; sourceTree = "<group>"; };
		D65A6F6D1E3FF3D900C69FBA /* MSALRefreshTokenCacheItem.h */ = {isa = PBXFileReference; fileEncoding = 4; lastKnownFileType = sourcecode.c.h; path = MSALRefreshTokenCacheItem.h; sourceTree = "<group>"; };
		D65A6F6E1E3FF3D900C69FBA /* MSALRefreshTokenCacheItem.m */ = {isa = PBXFileReference; fileEncoding = 4; lastKnownFileType = sourcecode.c.objc; path = MSALRefreshTokenCacheItem.m; sourceTree = "<group>"; };
		D65A6F6F1E3FF3D900C69FBA /* MSALAccessTokenCacheItem.h */ = {isa = PBXFileReference; fileEncoding = 4; lastKnownFileType = sourcecode.c.h; path = MSALAccessTokenCacheItem.h; sourceTree = "<group>"; };
		D65A6F701E3FF3D900C69FBA /* MSALAccessTokenCacheItem.m */ = {isa = PBXFileReference; fileEncoding = 4; lastKnownFileType = sourcecode.c.objc; path = MSALAccessTokenCacheItem.m; sourceTree = "<group>"; };
		D65A6F711E3FF3D900C69FBA /* MSALTokenCacheKeyBase.h */ = {isa = PBXFileReference; fileEncoding = 4; lastKnownFileType = sourcecode.c.h; path = MSALTokenCacheKeyBase.h; sourceTree = "<group>"; };
		D65A6F721E3FF3D900C69FBA /* MSALTokenCacheKeyBase.m */ = {isa = PBXFileReference; fileEncoding = 4; lastKnownFileType = sourcecode.c.objc; path = MSALTokenCacheKeyBase.m; sourceTree = "<group>"; };
		D65A6F731E3FF3D900C69FBA /* MSAL_Internal.h */ = {isa = PBXFileReference; fileEncoding = 4; lastKnownFileType = sourcecode.c.h; path = MSAL_Internal.h; sourceTree = "<group>"; };
		D65A6F741E3FF3D900C69FBA /* MSALError.m */ = {isa = PBXFileReference; fileEncoding = 4; lastKnownFileType = sourcecode.c.objc; path = MSALError.m; sourceTree = "<group>"; };
		D65A6F751E3FF3D900C69FBA /* MSALJsonObject.h */ = {isa = PBXFileReference; fileEncoding = 4; lastKnownFileType = sourcecode.c.h; path = MSALJsonObject.h; sourceTree = "<group>"; };
		D65A6F761E3FF3D900C69FBA /* MSALJsonObject.m */ = {isa = PBXFileReference; fileEncoding = 4; lastKnownFileType = sourcecode.c.objc; path = MSALJsonObject.m; sourceTree = "<group>"; };
		D65A6F771E3FF3D900C69FBA /* MSALLogger.m */ = {isa = PBXFileReference; fileEncoding = 4; lastKnownFileType = sourcecode.c.objc; path = MSALLogger.m; sourceTree = "<group>"; };
		D65A6F781E3FF3D900C69FBA /* MSALPublicClientApplication.m */ = {isa = PBXFileReference; fileEncoding = 4; lastKnownFileType = sourcecode.c.objc; path = MSALPublicClientApplication.m; sourceTree = "<group>"; };
		D65A6F791E3FF3D900C69FBA /* MSALResult.m */ = {isa = PBXFileReference; fileEncoding = 4; lastKnownFileType = sourcecode.c.objc; path = MSALResult.m; sourceTree = "<group>"; };
		D65A6F7A1E3FF3D900C69FBA /* MSALUser.m */ = {isa = PBXFileReference; fileEncoding = 4; lastKnownFileType = sourcecode.c.objc; path = MSALUser.m; sourceTree = "<group>"; };
		D65A6F7C1E3FF3D900C69FBA /* MSALOAuth2ResponseBase.h */ = {isa = PBXFileReference; fileEncoding = 4; lastKnownFileType = sourcecode.c.h; path = MSALOAuth2ResponseBase.h; sourceTree = "<group>"; };
		D65A6F7D1E3FF3D900C69FBA /* MSALOAuth2ResponseBase.m */ = {isa = PBXFileReference; fileEncoding = 4; lastKnownFileType = sourcecode.c.objc; path = MSALOAuth2ResponseBase.m; sourceTree = "<group>"; };
		D65A6F811E3FF3D900C69FBA /* MSAL.h */ = {isa = PBXFileReference; fileEncoding = 4; lastKnownFileType = sourcecode.c.h; path = MSAL.h; sourceTree = "<group>"; };
		D65A6F821E3FF3D900C69FBA /* MSALError.h */ = {isa = PBXFileReference; fileEncoding = 4; lastKnownFileType = sourcecode.c.h; path = MSALError.h; sourceTree = "<group>"; };
		D65A6F831E3FF3D900C69FBA /* MSALLogger.h */ = {isa = PBXFileReference; fileEncoding = 4; lastKnownFileType = sourcecode.c.h; path = MSALLogger.h; sourceTree = "<group>"; };
		D65A6F841E3FF3D900C69FBA /* MSALPublicClientApplication.h */ = {isa = PBXFileReference; fileEncoding = 4; lastKnownFileType = sourcecode.c.h; path = MSALPublicClientApplication.h; sourceTree = "<group>"; };
		D65A6F851E3FF3D900C69FBA /* MSALResult.h */ = {isa = PBXFileReference; fileEncoding = 4; lastKnownFileType = sourcecode.c.h; path = MSALResult.h; sourceTree = "<group>"; };
		D65A6F861E3FF3D900C69FBA /* MSALUser.h */ = {isa = PBXFileReference; fileEncoding = 4; lastKnownFileType = sourcecode.c.h; path = MSALUser.h; sourceTree = "<group>"; };
		D65A6FB91E3FF44A00C69FBA /* Info.plist */ = {isa = PBXFileReference; lastKnownFileType = text.plist.xml; path = Info.plist; sourceTree = "<group>"; };
		D65A6FE61E3FFFD300C69FBA /* msal__ios__common.xcconfig */ = {isa = PBXFileReference; lastKnownFileType = text.xcconfig; path = msal__ios__common.xcconfig; sourceTree = "<group>"; };
		D65A6FE71E40002800C69FBA /* msal__ios__framework.xcconfig */ = {isa = PBXFileReference; lastKnownFileType = text.xcconfig; path = msal__ios__framework.xcconfig; sourceTree = "<group>"; };
		D65A6FE91E40002800C69FBA /* msal__ios__unit_test.xcconfig */ = {isa = PBXFileReference; lastKnownFileType = text.xcconfig; path = msal__ios__unit_test.xcconfig; sourceTree = "<group>"; };
		D65A6FEA1E40002800C69FBA /* msal__mac__common.xcconfig */ = {isa = PBXFileReference; lastKnownFileType = text.xcconfig; path = msal__mac__common.xcconfig; sourceTree = "<group>"; };
		D65A6FEB1E40002800C69FBA /* msal__mac__framework.xcconfig */ = {isa = PBXFileReference; lastKnownFileType = text.xcconfig; path = msal__mac__framework.xcconfig; sourceTree = "<group>"; };
		D65A6FEC1E40002800C69FBA /* msal__mac__unit_test.xcconfig */ = {isa = PBXFileReference; lastKnownFileType = text.xcconfig; path = msal__mac__unit_test.xcconfig; sourceTree = "<group>"; };
		D65A6FEE1E400B1100C69FBA /* msal__common.xcconfig */ = {isa = PBXFileReference; lastKnownFileType = text.xcconfig; path = msal__common.xcconfig; sourceTree = "<group>"; };
		D65A6FEF1E4024C800C69FBA /* msal__mac__common__framework.xcconfig */ = {isa = PBXFileReference; lastKnownFileType = text.xcconfig; path = msal__mac__common__framework.xcconfig; sourceTree = "<group>"; };
		D65A6FF01E4026B900C69FBA /* msal__debug.xcconfig */ = {isa = PBXFileReference; lastKnownFileType = text.xcconfig; path = msal__debug.xcconfig; sourceTree = "<group>"; };
		D65A6FF11E4026C000C69FBA /* msal__release.xcconfig */ = {isa = PBXFileReference; lastKnownFileType = text.xcconfig; path = msal__release.xcconfig; sourceTree = "<group>"; };
		D65A6FF21E40270600C69FBA /* msal__ios__common__framework.xcconfig */ = {isa = PBXFileReference; lastKnownFileType = text.xcconfig; path = msal__ios__common__framework.xcconfig; sourceTree = "<group>"; };
		D67227BC1EBD302800F3422A /* msal__ios__unit_test_host.xcconfig */ = {isa = PBXFileReference; lastKnownFileType = text.xcconfig; path = msal__ios__unit_test_host.xcconfig; sourceTree = "<group>"; };
		D673F0691E42E4A20018BA91 /* MSALLogger+Internal.h */ = {isa = PBXFileReference; fileEncoding = 4; lastKnownFileType = sourcecode.c.h; path = "MSALLogger+Internal.h"; sourceTree = "<group>"; };
		D673F06F1E4411960018BA91 /* NSString+MSALHelperMethods.h */ = {isa = PBXFileReference; lastKnownFileType = sourcecode.c.h; path = "NSString+MSALHelperMethods.h"; sourceTree = "<group>"; };
		D673F0701E4411960018BA91 /* NSString+MSALHelperMethods.m */ = {isa = PBXFileReference; lastKnownFileType = sourcecode.c.objc; path = "NSString+MSALHelperMethods.m"; sourceTree = "<group>"; };
		D673F0771E4A633B0018BA91 /* MSALError_Internal.h */ = {isa = PBXFileReference; fileEncoding = 4; lastKnownFileType = sourcecode.c.h; path = MSALError_Internal.h; sourceTree = "<group>"; };
		D673F0781E4A633B0018BA91 /* MSALError_Internal.m */ = {isa = PBXFileReference; fileEncoding = 4; lastKnownFileType = sourcecode.c.objc; path = MSALError_Internal.m; sourceTree = "<group>"; };
		D69ADB141E50486400952049 /* NSOrderedSet+MSALExtensions.h */ = {isa = PBXFileReference; fileEncoding = 4; lastKnownFileType = sourcecode.c.h; path = "NSOrderedSet+MSALExtensions.h"; sourceTree = "<group>"; };
		D69ADB151E50486400952049 /* NSOrderedSet+MSALExtensions.m */ = {isa = PBXFileReference; fileEncoding = 4; lastKnownFileType = sourcecode.c.objc; path = "NSOrderedSet+MSALExtensions.m"; sourceTree = "<group>"; };
		D69ADB191E50525F00952049 /* MSALUIBehavior_Internal.h */ = {isa = PBXFileReference; lastKnownFileType = sourcecode.c.h; path = MSALUIBehavior_Internal.h; sourceTree = "<group>"; };
		D69ADB1A1E50531300952049 /* MSALUIBehavior.m */ = {isa = PBXFileReference; fileEncoding = 4; lastKnownFileType = sourcecode.c.objc; path = MSALUIBehavior.m; sourceTree = "<group>"; };
		E02396CE1E7740E5004D6278 /* MSALTelemetryEventInterface.h */ = {isa = PBXFileReference; fileEncoding = 4; lastKnownFileType = sourcecode.c.h; path = MSALTelemetryEventInterface.h; sourceTree = "<group>"; };
		E02396D11E776F10004D6278 /* MSALDefaultDispatcher.h */ = {isa = PBXFileReference; fileEncoding = 4; lastKnownFileType = sourcecode.c.h; path = MSALDefaultDispatcher.h; sourceTree = "<group>"; };
		E02396D21E776F10004D6278 /* MSALDefaultDispatcher.m */ = {isa = PBXFileReference; fileEncoding = 4; lastKnownFileType = sourcecode.c.objc; path = MSALDefaultDispatcher.m; sourceTree = "<group>"; };
		E02396D51E787D7C004D6278 /* MSALTelemetryBaseEvent.h */ = {isa = PBXFileReference; fileEncoding = 4; lastKnownFileType = sourcecode.c.h; path = MSALTelemetryBaseEvent.h; sourceTree = "<group>"; };
		E02396D61E787D7C004D6278 /* MSALTelemetryBaseEvent.m */ = {isa = PBXFileReference; fileEncoding = 4; lastKnownFileType = sourcecode.c.objc; path = MSALTelemetryBaseEvent.m; sourceTree = "<group>"; };
		E02396D81E787FA7004D6278 /* MSALTelemetryAPIEvent.h */ = {isa = PBXFileReference; fileEncoding = 4; lastKnownFileType = sourcecode.c.h; path = MSALTelemetryAPIEvent.h; sourceTree = "<group>"; };
		E02396D91E787FA7004D6278 /* MSALTelemetryAPIEvent.m */ = {isa = PBXFileReference; fileEncoding = 4; lastKnownFileType = sourcecode.c.objc; path = MSALTelemetryAPIEvent.m; sourceTree = "<group>"; };
		E02396DB1E78801D004D6278 /* MSALTelemetryUIEvent.h */ = {isa = PBXFileReference; fileEncoding = 4; lastKnownFileType = sourcecode.c.h; path = MSALTelemetryUIEvent.h; sourceTree = "<group>"; };
		E02396DC1E78801D004D6278 /* MSALTelemetryUIEvent.m */ = {isa = PBXFileReference; fileEncoding = 4; lastKnownFileType = sourcecode.c.objc; path = MSALTelemetryUIEvent.m; sourceTree = "<group>"; };
		E02396DE1E78804E004D6278 /* MSALTelemetryHttpEvent.h */ = {isa = PBXFileReference; fileEncoding = 4; lastKnownFileType = sourcecode.c.h; path = MSALTelemetryHttpEvent.h; sourceTree = "<group>"; };
		E02396DF1E78804E004D6278 /* MSALTelemetryHttpEvent.m */ = {isa = PBXFileReference; fileEncoding = 4; lastKnownFileType = sourcecode.c.objc; path = MSALTelemetryHttpEvent.m; sourceTree = "<group>"; };
		E02396E11E78806A004D6278 /* MSALTelemetryCacheEvent.h */ = {isa = PBXFileReference; fileEncoding = 4; lastKnownFileType = sourcecode.c.h; path = MSALTelemetryCacheEvent.h; sourceTree = "<group>"; };
		E02396E21E78806A004D6278 /* MSALTelemetryCacheEvent.m */ = {isa = PBXFileReference; fileEncoding = 4; lastKnownFileType = sourcecode.c.objc; path = MSALTelemetryCacheEvent.m; sourceTree = "<group>"; };
		E02396E71E788398004D6278 /* MSALTelemetryDefaultEvent.h */ = {isa = PBXFileReference; fileEncoding = 4; lastKnownFileType = sourcecode.c.h; path = MSALTelemetryDefaultEvent.h; sourceTree = "<group>"; };
		E02396E81E788398004D6278 /* MSALTelemetryDefaultEvent.m */ = {isa = PBXFileReference; fileEncoding = 4; lastKnownFileType = sourcecode.c.objc; path = MSALTelemetryDefaultEvent.m; sourceTree = "<group>"; };
		E02396EA1E7892AD004D6278 /* NSMutableDictionary+MSALExtension.h */ = {isa = PBXFileReference; fileEncoding = 4; lastKnownFileType = sourcecode.c.h; path = "NSMutableDictionary+MSALExtension.h"; sourceTree = "<group>"; };
		E02396EB1E7892AD004D6278 /* NSMutableDictionary+MSALExtension.m */ = {isa = PBXFileReference; fileEncoding = 4; lastKnownFileType = sourcecode.c.objc; path = "NSMutableDictionary+MSALExtension.m"; sourceTree = "<group>"; };
		E02396ED1E78CC26004D6278 /* MSALIpAddressHelper.h */ = {isa = PBXFileReference; fileEncoding = 4; lastKnownFileType = sourcecode.c.h; path = MSALIpAddressHelper.h; sourceTree = "<group>"; };
		E02396EE1E78CC26004D6278 /* MSALIpAddressHelper.m */ = {isa = PBXFileReference; fileEncoding = 4; lastKnownFileType = sourcecode.c.objc; path = MSALIpAddressHelper.m; sourceTree = "<group>"; };
		E02396F31E79E2F4004D6278 /* MSALTelemetryApiId.h */ = {isa = PBXFileReference; lastKnownFileType = sourcecode.c.h; path = MSALTelemetryApiId.h; sourceTree = "<group>"; };
/* End PBXFileReference section */

/* Begin PBXFrameworksBuildPhase section */
		D65A6F3F1E3FD30A00C69FBA /* Frameworks */ = {
			isa = PBXFrameworksBuildPhase;
			buildActionMask = 2147483647;
			files = (
			);
			runOnlyForDeploymentPostprocessing = 0;
		};
/* End PBXFrameworksBuildPhase section */

/* Begin PBXGroup section */
		94E876C91E492D2800FB96ED /* instance */ = {
			isa = PBXGroup;
			children = (
				94E876CA1E492D6000FB96ED /* MSALAuthority.h */,
				94E876CB1E492D6000FB96ED /* MSALAuthority.m */,
				966360521E56931F00A8360F /* MSALAuthorityBaseResolver.h */,
				966360531E56931F00A8360F /* MSALAuthorityBaseResolver.m */,
				9675A14C1E53DFC0002A4741 /* MSALAadAuthorityResolver.h */,
				9675A14D1E53DFC0002A4741 /* MSALAadAuthorityResolver.m */,
				96E62C251E6F740A00FC1CB2 /* MSALAdfsAuthorityResolver.h */,
				96E62C261E6F740A00FC1CB2 /* MSALAdfsAuthorityResolver.m */,
				96E62C2A1E6F741D00FC1CB2 /* MSALB2CAuthorityResolver.h */,
				96E62C2B1E6F741D00FC1CB2 /* MSALB2CAuthorityResolver.m */,
				964736EA1EC3EEA700A7428E /* MSALWebFingerLink.h */,
				964736EB1EC3EEA700A7428E /* MSALWebFingerLink.m */,
				964F65171EC4F6920017D685 /* MSALInstanceDiscoveryResponse.h */,
				964F65181EC4F6920017D685 /* MSALInstanceDiscoveryResponse.m */,
				964F65191EC4F6920017D685 /* MSALTenantDiscoveryResponse.h */,
				964F651A1EC4F6920017D685 /* MSALTenantDiscoveryResponse.m */,
				96F7FB051ECCDC2A00A7A0C1 /* MSALDrsDiscoveryResponse.h */,
				96F7FB061ECCDC2A00A7A0C1 /* MSALDrsDiscoveryResponse.m */,
				96F7FB071ECCDC2A00A7A0C1 /* MSALWebFingerResponse.h */,
				96F7FB081ECCDC2A00A7A0C1 /* MSALWebFingerResponse.m */,
			);
			path = instance;
			sourceTree = "<group>";
		};
		969B86841E775A8D000AF437 /* pkce */ = {
			isa = PBXGroup;
			children = (
				969B86851E776042000AF437 /* MSALPkce.h */,
				969B86861E776042000AF437 /* MSALPkce.m */,
			);
			path = pkce;
			sourceTree = "<group>";
		};
		96D9A5351E4A9ABF00674A85 /* http */ = {
			isa = PBXGroup;
			children = (
				963B4B4F1E4BAC200025EFC1 /* MSALHttpRequest.h */,
				963B4B501E4BAC200025EFC1 /* MSALHttpRequest.m */,
				963B4B511E4BAC200025EFC1 /* MSALHttpResponse.h */,
				963B4B521E4BAC200025EFC1 /* MSALHttpResponse.m */,
				96ED57F21E4D52180063B3EE /* MSALURLSessionDelegate.h */,
				96ED57F31E4D52180063B3EE /* MSALURLSessionDelegate.m */,
				967317DE1E551D17004E6203 /* MSALURLSession.h */,
				967317DF1E551D17004E6203 /* MSALURLSession.m */,
			);
			path = http;
			sourceTree = "<group>";
		};
		96D9A5461E4AB21400674A85 /* telemetry */ = {
			isa = PBXGroup;
			children = (
				E02396D41E787D60004D6278 /* events */,
				96D9A5471E4AB22900674A85 /* MSALTelemetry.m */,
				96D9A54C1E4AB3BD00674A85 /* MSALTelemetry+Internal.h */,
				96D455D11E4AB4DA002C9C3C /* MSALTelemetryEventStrings.h */,
				96D455D21E4AB4DA002C9C3C /* MSALTelemetryEventStrings.m */,
				E02396CE1E7740E5004D6278 /* MSALTelemetryEventInterface.h */,
				E02396D11E776F10004D6278 /* MSALDefaultDispatcher.h */,
				E02396D21E776F10004D6278 /* MSALDefaultDispatcher.m */,
			);
			path = telemetry;
			sourceTree = "<group>";
		};
		D61F5B921E57953600912CB8 /* ui */ = {
			isa = PBXGroup;
			children = (
				D61F5B931E57953600912CB8 /* ios */,
				D61F5B971E57953600912CB8 /* MSALWebUI.h */,
			);
			path = ui;
			sourceTree = "<group>";
		};
		D61F5B931E57953600912CB8 /* ios */ = {
			isa = PBXGroup;
			children = (
				D61F5B941E57953600912CB8 /* MSALWebUI.m */,
			);
			path = ios;
			sourceTree = "<group>";
		};
		D61F5B9C1E5795E400912CB8 /* ios */ = {
			isa = PBXGroup;
			children = (
				D61F5B9D1E5795E400912CB8 /* MSALAppExtensionUtil.h */,
				D61F5B9E1E5795E400912CB8 /* MSALAppExtensionUtil.m */,
				D61F5B9F1E5795E400912CB8 /* UIApplication+MSALExtensions.h */,
				D61F5BA01E5795E400912CB8 /* UIApplication+MSALExtensions.m */,
			);
			path = ios;
			sourceTree = "<group>";
		};
		D65A6F671E3FF3D900C69FBA /* src */ = {
			isa = PBXGroup;
			children = (
				969B86841E775A8D000AF437 /* pkce */,
				D65A6F681E3FF3D900C69FBA /* cache */,
				96D9A5351E4A9ABF00674A85 /* http */,
				94E876C91E492D2800FB96ED /* instance */,
				D65A6F7B1E3FF3D900C69FBA /* oauth2 */,
				D65A6F7E1E3FF3D900C69FBA /* public */,
				D65A6F871E3FF3D900C69FBA /* requests */,
				96D9A5461E4AB21400674A85 /* telemetry */,
				D61F5B921E57953600912CB8 /* ui */,
				D673F06E1E4411960018BA91 /* util */,
				D65A6F731E3FF3D900C69FBA /* MSAL_Internal.h */,
				D673F0771E4A633B0018BA91 /* MSALError_Internal.h */,
				D65A6F751E3FF3D900C69FBA /* MSALJsonObject.h */,
				D673F0691E42E4A20018BA91 /* MSALLogger+Internal.h */,
				96D9A5361E4AA56800674A85 /* MSALOAuth2Constants.h */,
				96D9A5371E4AA56800674A85 /* MSALOAuth2Constants.m */,
				D673F0781E4A633B0018BA91 /* MSALError_Internal.m */,
				D65A6F741E3FF3D900C69FBA /* MSALError.m */,
				D65A6F761E3FF3D900C69FBA /* MSALJsonObject.m */,
				D65A6F771E3FF3D900C69FBA /* MSALLogger.m */,
				D65A6F781E3FF3D900C69FBA /* MSALPublicClientApplication.m */,
				D62746D11E9B38AF00EFCE99 /* MSALPublicClientApplication+Internal.h */,
				D65A6F791E3FF3D900C69FBA /* MSALResult.m */,
				D65A6F7A1E3FF3D900C69FBA /* MSALUser.m */,
				94E876B01E4556B400FB96ED /* MSAL.pch */,
				D69ADB191E50525F00952049 /* MSALUIBehavior_Internal.h */,
				D69ADB1A1E50531300952049 /* MSALUIBehavior.m */,
				D61F5BC91E59359900912CB8 /* MSALFramework.m */,
				D61A63F11E5979200086D120 /* MSALResult+Internal.h */,
				60DEF13C1E633B2500966664 /* MSALIdToken.h */,
				60DEF13D1E633B5300966664 /* MSALIdToken.m */,
				60FEEED11E8AF75D00F96A4A /* MSALClientInfo.h */,
				60FEEED21E8AF8A000F96A4A /* MSALClientInfo.m */,
			);
			path = src;
			sourceTree = "<group>";
		};
		D65A6F681E3FF3D900C69FBA /* cache */ = {
			isa = PBXGroup;
			children = (
				D65A6F691E3FF3D900C69FBA /* ios */,
				D65A6F6B1E3FF3D900C69FBA /* MSALBaseTokenCacheItem.h */,
				D65A6F6C1E3FF3D900C69FBA /* MSALBaseTokenCacheItem.m */,
				D65A6F6D1E3FF3D900C69FBA /* MSALRefreshTokenCacheItem.h */,
				D65A6F6E1E3FF3D900C69FBA /* MSALRefreshTokenCacheItem.m */,
				D65A6F6F1E3FF3D900C69FBA /* MSALAccessTokenCacheItem.h */,
				D65A6F701E3FF3D900C69FBA /* MSALAccessTokenCacheItem.m */,
				D65A6F711E3FF3D900C69FBA /* MSALTokenCacheKeyBase.h */,
				D65A6F721E3FF3D900C69FBA /* MSALTokenCacheKeyBase.m */,
				6030A24C1E94472E008B838D /* MSALAccessTokenCacheKey.h */,
				6030A24D1E944751008B838D /* MSALAccessTokenCacheKey.m */,
				6030A2501E944775008B838D /* MSALRefreshTokenCacheKey.h */,
				6030A2511E94478E008B838D /* MSALRefreshTokenCacheKey.m */,
				60DEF1611E70997A00966664 /* MSALTokenCache.h */,
				60DEF1631E7099A200966664 /* MSALTokenCache.m */,
				60DEF1661E70BCA200966664 /* MSALTokenCacheAccessor.h */,
			);
			path = cache;
			sourceTree = "<group>";
		};
		D65A6F691E3FF3D900C69FBA /* ios */ = {
			isa = PBXGroup;
			children = (
				60DEF13B1E60AD6600966664 /* MSALKeychainTokenCache.h */,
				D65A6F6A1E3FF3D900C69FBA /* MSALKeychainTokenCache.m */,
			);
			path = ios;
			sourceTree = "<group>";
		};
		D65A6F7B1E3FF3D900C69FBA /* oauth2 */ = {
			isa = PBXGroup;
			children = (
				D65A6F7C1E3FF3D900C69FBA /* MSALOAuth2ResponseBase.h */,
				D65A6F7D1E3FF3D900C69FBA /* MSALOAuth2ResponseBase.m */,
			);
			path = oauth2;
			sourceTree = "<group>";
		};
		D65A6F7E1E3FF3D900C69FBA /* public */ = {
			isa = PBXGroup;
			children = (
				D65A6F7F1E3FF3D900C69FBA /* ios */,
				D65A6F811E3FF3D900C69FBA /* MSAL.h */,
				D65A6F821E3FF3D900C69FBA /* MSALError.h */,
				D65A6F831E3FF3D900C69FBA /* MSALLogger.h */,
				D65A6F841E3FF3D900C69FBA /* MSALPublicClientApplication.h */,
				D65A6F851E3FF3D900C69FBA /* MSALResult.h */,
				D65A6F861E3FF3D900C69FBA /* MSALUser.h */,
				94E876DE1E495EE600FB96ED /* MSALUIBehavior.h */,
				96D9A5431E4AB1DC00674A85 /* MSALTelemetry.h */,
				E02396F31E79E2F4004D6278 /* MSALTelemetryApiId.h */,
			);
			path = public;
			sourceTree = "<group>";
		};
		D65A6F7F1E3FF3D900C69FBA /* ios */ = {
			isa = PBXGroup;
			children = (
			);
			path = ios;
			sourceTree = "<group>";
		};
		D65A6F871E3FF3D900C69FBA /* requests */ = {
			isa = PBXGroup;
			children = (
				94E876CF1E49369500FB96ED /* MSALBaseRequest.h */,
				94E876D01E49369500FB96ED /* MSALBaseRequest.m */,
				94E876D91E493DC600FB96ED /* MSALInteractiveRequest.h */,
				94E876DA1E493DC600FB96ED /* MSALInteractiveRequest.m */,
				965B86121E5ED5F1004AEB59 /* MSALSilentRequest.h */,
				965B86131E5ED5F1004AEB59 /* MSALSilentRequest.m */,
				D61F5BDD1E596F2700912CB8 /* MSALOAuth2Response.h */,
				D61F5BDE1E596F2700912CB8 /* MSALOAuth2Response.m */,
				94E876C41E492BC300FB96ED /* MSALRequestParameters.h */,
				94E876C51E492BC300FB96ED /* MSALRequestParameters.m */,
				D61F5BE21E596F4500912CB8 /* MSALTokenResponse.h */,
				D61F5BE31E596F4500912CB8 /* MSALTokenResponse.m */,
				9631CFF61E4558770057BE7F /* MSALWebAuthRequest.h */,
				9631CFF71E4558770057BE7F /* MSALWebAuthRequest.m */,
				9631CFF81E4558770057BE7F /* MSALWebAuthResponse.h */,
				9631CFF91E4558770057BE7F /* MSALWebAuthResponse.m */,
			);
			path = requests;
			sourceTree = "<group>";
		};
		D65A6FB71E3FF44A00C69FBA /* resources */ = {
			isa = PBXGroup;
			children = (
				D65A6FB81E3FF44A00C69FBA /* ios */,
			);
			path = resources;
			sourceTree = "<group>";
		};
		D65A6FB81E3FF44A00C69FBA /* ios */ = {
			isa = PBXGroup;
			children = (
				D65A6FB91E3FF44A00C69FBA /* Info.plist */,
			);
			path = ios;
			sourceTree = "<group>";
		};
		D65A6FBC1E3FF46100C69FBA /* xcconfig */ = {
			isa = PBXGroup;
			children = (
				D65A6FEE1E400B1100C69FBA /* msal__common.xcconfig */,
				D65A6FF01E4026B900C69FBA /* msal__debug.xcconfig */,
				D65A6FE61E3FFFD300C69FBA /* msal__ios__common.xcconfig */,
				D65A6FF21E40270600C69FBA /* msal__ios__common__framework.xcconfig */,
				D65A6FE71E40002800C69FBA /* msal__ios__framework.xcconfig */,
				D61A64661E5AA6B40086D120 /* msal__ios__test_app.xcconfig */,
				962E37A51E720B7E00DE71FE /* msal__ios__automation_app.xcconfig */,
				D65A6FE91E40002800C69FBA /* msal__ios__unit_test.xcconfig */,
				D67227BC1EBD302800F3422A /* msal__ios__unit_test_host.xcconfig */,
				D65A6FEA1E40002800C69FBA /* msal__mac__common.xcconfig */,
				D65A6FEF1E4024C800C69FBA /* msal__mac__common__framework.xcconfig */,
				D65A6FEB1E40002800C69FBA /* msal__mac__framework.xcconfig */,
				D61A64671E5AA6BE0086D120 /* msal__mac__test_app.xcconfig */,
				D65A6FEC1E40002800C69FBA /* msal__mac__unit_test.xcconfig */,
				D65A6FF11E4026C000C69FBA /* msal__release.xcconfig */,
			);
			path = xcconfig;
			sourceTree = "<group>";
		};
		D673F06E1E4411960018BA91 /* util */ = {
			isa = PBXGroup;
			children = (
				D61F5B9C1E5795E400912CB8 /* ios */,
				D673F06F1E4411960018BA91 /* NSString+MSALHelperMethods.h */,
				D673F0701E4411960018BA91 /* NSString+MSALHelperMethods.m */,
				96C9D93A1E49279D00047B93 /* NSDictionary+MSALExtensions.h */,
				96C9D93B1E49279D00047B93 /* NSDictionary+MSALExtensions.m */,
				D69ADB141E50486400952049 /* NSOrderedSet+MSALExtensions.h */,
				D69ADB151E50486400952049 /* NSOrderedSet+MSALExtensions.m */,
				E02396EA1E7892AD004D6278 /* NSMutableDictionary+MSALExtension.h */,
				E02396EB1E7892AD004D6278 /* NSMutableDictionary+MSALExtension.m */,
				E02396ED1E78CC26004D6278 /* MSALIpAddressHelper.h */,
				E02396EE1E78CC26004D6278 /* MSALIpAddressHelper.m */,
				96D62F7A1E8DCC3200941DEA /* MSALCryptoHelper.h */,
				96D62F7B1E8DCC3200941DEA /* MSALCryptoHelper.m */,
				968674F11E985AC3009F2BF4 /* NSURL+MSALExtensions.h */,
				968674F21E985AC3009F2BF4 /* NSURL+MSALExtensions.m */,
			);
			path = util;
			sourceTree = "<group>";
		};
		D6DFF3991E2579360012891A = {
			isa = PBXGroup;
			children = (
				D65A6F671E3FF3D900C69FBA /* src */,
				D65A6FB71E3FF44A00C69FBA /* resources */,
				D65A6FBC1E3FF46100C69FBA /* xcconfig */,
				D6DFF3A31E2579360012891A /* Products */,
			);
			sourceTree = "<group>";
		};
		D6DFF3A31E2579360012891A /* Products */ = {
			isa = PBXGroup;
			children = (
				D65A6F431E3FD30A00C69FBA /* MSAL.framework */,
			);
			name = Products;
			sourceTree = "<group>";
		};
		E02396D41E787D60004D6278 /* events */ = {
			isa = PBXGroup;
			children = (
				E02396D51E787D7C004D6278 /* MSALTelemetryBaseEvent.h */,
				E02396D61E787D7C004D6278 /* MSALTelemetryBaseEvent.m */,
				E02396D81E787FA7004D6278 /* MSALTelemetryAPIEvent.h */,
				E02396D91E787FA7004D6278 /* MSALTelemetryAPIEvent.m */,
				E02396DB1E78801D004D6278 /* MSALTelemetryUIEvent.h */,
				E02396DC1E78801D004D6278 /* MSALTelemetryUIEvent.m */,
				E02396DE1E78804E004D6278 /* MSALTelemetryHttpEvent.h */,
				E02396DF1E78804E004D6278 /* MSALTelemetryHttpEvent.m */,
				E02396E11E78806A004D6278 /* MSALTelemetryCacheEvent.h */,
				E02396E21E78806A004D6278 /* MSALTelemetryCacheEvent.m */,
				E02396E71E788398004D6278 /* MSALTelemetryDefaultEvent.h */,
				E02396E81E788398004D6278 /* MSALTelemetryDefaultEvent.m */,
			);
			name = events;
			sourceTree = "<group>";
		};
/* End PBXGroup section */

/* Begin PBXHeadersBuildPhase section */
		D65A6F401E3FD30A00C69FBA /* Headers */ = {
			isa = PBXHeadersBuildPhase;
			buildActionMask = 2147483647;
			files = (
				D65A6FB51E3FF41D00C69FBA /* MSALResult.h in Headers */,
				94E876E01E495F2800FB96ED /* MSALUIBehavior.h in Headers */,
				D65A6FB61E3FF41D00C69FBA /* MSALUser.h in Headers */,
				96D9A5441E4AB1DC00674A85 /* MSALTelemetry.h in Headers */,
				D65A6FB21E3FF41D00C69FBA /* MSALError.h in Headers */,
				D65A6FB41E3FF41D00C69FBA /* MSALPublicClientApplication.h in Headers */,
				D65A6FB11E3FF41D00C69FBA /* MSAL.h in Headers */,
				D65A6FB31E3FF41D00C69FBA /* MSALLogger.h in Headers */,
			);
			runOnlyForDeploymentPostprocessing = 0;
		};
/* End PBXHeadersBuildPhase section */

/* Begin PBXNativeTarget section */
		D65A6F421E3FD30A00C69FBA /* MSAL */ = {
			isa = PBXNativeTarget;
			buildConfigurationList = D65A6F481E3FD30A00C69FBA /* Build configuration list for PBXNativeTarget "MSAL" */;
			buildPhases = (
				D65A6F3E1E3FD30A00C69FBA /* Sources */,
				D65A6F3F1E3FD30A00C69FBA /* Frameworks */,
				D65A6F401E3FD30A00C69FBA /* Headers */,
				D65A6F411E3FD30A00C69FBA /* Resources */,
			);
			buildRules = (
			);
			dependencies = (
			);
			name = MSAL;
			productName = "MSAL (Framework)";
			productReference = D65A6F431E3FD30A00C69FBA /* MSAL.framework */;
			productType = "com.apple.product-type.framework";
		};
/* End PBXNativeTarget section */

/* Begin PBXProject section */
		D6DFF39A1E2579360012891A /* Project object */ = {
			isa = PBXProject;
			attributes = {
				LastUpgradeCheck = 0820;
				ORGANIZATIONNAME = Microsoft;
				TargetAttributes = {
					D65A6F421E3FD30A00C69FBA = {
						CreatedOnToolsVersion = 8.2.1;
						DevelopmentTeam = 98ASURPE63;
						ProvisioningStyle = Automatic;
					};
				};
			};
			buildConfigurationList = D6DFF39D1E2579360012891A /* Build configuration list for PBXProject "MSAL" */;
			compatibilityVersion = "Xcode 8.0";
			developmentRegion = English;
			hasScannedForEncodings = 0;
			knownRegions = (
				en,
				Base,
			);
			mainGroup = D6DFF3991E2579360012891A;
			productRefGroup = D6DFF3A31E2579360012891A /* Products */;
			projectDirPath = "";
			projectRoot = "";
			targets = (
				D65A6F421E3FD30A00C69FBA /* MSAL */,
			);
		};
/* End PBXProject section */

/* Begin PBXResourcesBuildPhase section */
		D65A6F411E3FD30A00C69FBA /* Resources */ = {
			isa = PBXResourcesBuildPhase;
			buildActionMask = 2147483647;
			files = (
			);
			runOnlyForDeploymentPostprocessing = 0;
		};
/* End PBXResourcesBuildPhase section */

/* Begin PBXSourcesBuildPhase section */
		D65A6F3E1E3FD30A00C69FBA /* Sources */ = {
			isa = PBXSourcesBuildPhase;
			buildActionMask = 2147483647;
			files = (
				D61BD2D51EBD0A1B0007E484 /* MSALRefreshTokenCacheItem.m in Sources */,
				D61BD2DD1EBD0A240007E484 /* MSALPkce.m in Sources */,
				D61BD2A31EBD09F90007E484 /* UIApplication+MSALExtensions.m in Sources */,
				D61BD2A21EBD09F90007E484 /* MSALAppExtensionUtil.m in Sources */,
				D61F5BCA1E59359900912CB8 /* MSALFramework.m in Sources */,
				D61BD2C11EBD0A080007E484 /* MSALInteractiveRequest.m in Sources */,
				D61BD2C41EBD0A080007E484 /* MSALRequestParameters.m in Sources */,
				D61BD2B71EBD0A010007E484 /* MSALTelemetryBaseEvent.m in Sources */,
				D61BD2C71EBD0A080007E484 /* MSALWebAuthResponse.m in Sources */,
				D61BD2AF1EBD09F90007E484 /* MSALLogger.m in Sources */,
				D61BD2A51EBD09F90007E484 /* NSDictionary+MSALExtensions.m in Sources */,
				D61BD2BE1EBD0A010007E484 /* MSALTelemetryEventStrings.m in Sources */,
				D61BD2BF1EBD0A010007E484 /* MSALDefaultDispatcher.m in Sources */,
				D61BD2B81EBD0A010007E484 /* MSALTelemetryAPIEvent.m in Sources */,
				D61BD2D71EBD0A1B0007E484 /* MSALTokenCacheKeyBase.m in Sources */,
				D61BD2D61EBD0A1B0007E484 /* MSALAccessTokenCacheItem.m in Sources */,
				D61BD2C31EBD0A080007E484 /* MSALOAuth2Response.m in Sources */,
				D61BD2A81EBD09F90007E484 /* MSALIpAddressHelper.m in Sources */,
				96F7FB0F1ECCDC2A00A7A0C1 /* MSALWebFingerResponse.m in Sources */,
				96F7FB0B1ECCDC2A00A7A0C1 /* MSALDrsDiscoveryResponse.m in Sources */,
				D61BD2CD1EBD0A0F0007E484 /* MSALB2CAuthorityResolver.m in Sources */,
				D61BD2AB1EBD09F90007E484 /* MSALOAuth2Constants.m in Sources */,
				D61BD2D01EBD0A120007E484 /* MSALHttpRequest.m in Sources */,
				D61BD2B61EBD09FC0007E484 /* MSALWebUI.m in Sources */,
				D61BD2B01EBD09F90007E484 /* MSALPublicClientApplication.m in Sources */,
				D61BD2AA1EBD09F90007E484 /* NSURL+MSALExtensions.m in Sources */,
				D61BD2A91EBD09F90007E484 /* MSALCryptoHelper.m in Sources */,
				D61BD2B51EBD09F90007E484 /* MSALClientInfo.m in Sources */,
				D61BD2C61EBD0A080007E484 /* MSALWebAuthRequest.m in Sources */,
				D61BD2C81EBD0A0B0007E484 /* MSALOAuth2ResponseBase.m in Sources */,
				D61BD2D11EBD0A120007E484 /* MSALHttpResponse.m in Sources */,
				D61BD2B91EBD0A010007E484 /* MSALTelemetryUIEvent.m in Sources */,
				D61BD2DA1EBD0A1C0007E484 /* MSALTokenCache.m in Sources */,
				D61BD2D91EBD0A1C0007E484 /* MSALRefreshTokenCacheKey.m in Sources */,
				D61BD2BA1EBD0A010007E484 /* MSALTelemetryHttpEvent.m in Sources */,
				964F651D1EC4F6920017D685 /* MSALInstanceDiscoveryResponse.m in Sources */,
				D61BD2AD1EBD09F90007E484 /* MSALError.m in Sources */,
				D61BD2DC1EBD0A210007E484 /* MSALKeychainTokenCache.m in Sources */,
				D61BD2CA1EBD0A0F0007E484 /* MSALAuthorityBaseResolver.m in Sources */,
				D61BD2B41EBD09F90007E484 /* MSALIdToken.m in Sources */,
				D61BD2D21EBD0A120007E484 /* MSALURLSessionDelegate.m in Sources */,
				D61BD2A71EBD09F90007E484 /* NSMutableDictionary+MSALExtension.m in Sources */,
				D61BD2D31EBD0A120007E484 /* MSALURLSession.m in Sources */,
				D61BD2A61EBD09F90007E484 /* NSOrderedSet+MSALExtensions.m in Sources */,
				D61BD2CB1EBD0A0F0007E484 /* MSALAadAuthorityResolver.m in Sources */,
				D61BD2BD1EBD0A010007E484 /* MSALTelemetry.m in Sources */,
				D61BD2AE1EBD09F90007E484 /* MSALJsonObject.m in Sources */,
				D61BD2CC1EBD0A0F0007E484 /* MSALAdfsAuthorityResolver.m in Sources */,
				D61BD2B11EBD09F90007E484 /* MSALResult.m in Sources */,
				D61BD2BB1EBD0A010007E484 /* MSALTelemetryCacheEvent.m in Sources */,
				D61BD2AC1EBD09F90007E484 /* MSALError_Internal.m in Sources */,
				D61BD2D41EBD0A1B0007E484 /* MSALBaseTokenCacheItem.m in Sources */,
				D61BD2A41EBD09F90007E484 /* NSString+MSALHelperMethods.m in Sources */,
				D61BD2C21EBD0A080007E484 /* MSALSilentRequest.m in Sources */,
				D61BD2D81EBD0A1C0007E484 /* MSALAccessTokenCacheKey.m in Sources */,
				D61BD2BC1EBD0A010007E484 /* MSALTelemetryDefaultEvent.m in Sources */,
				D61BD2C01EBD0A080007E484 /* MSALBaseRequest.m in Sources */,
				D61BD2C91EBD0A0F0007E484 /* MSALAuthority.m in Sources */,
				D61BD2B21EBD09F90007E484 /* MSALUser.m in Sources */,
				D61BD2B31EBD09F90007E484 /* MSALUIBehavior.m in Sources */,
				964F65211EC4F6920017D685 /* MSALTenantDiscoveryResponse.m in Sources */,
				D61BD2C51EBD0A080007E484 /* MSALTokenResponse.m in Sources */,
				962B1D801EC44D6D006E5A45 /* MSALWebFingerLink.m in Sources */,
			);
			runOnlyForDeploymentPostprocessing = 0;
		};
/* End PBXSourcesBuildPhase section */

/* Begin XCBuildConfiguration section */
		D65A6F491E3FD30A00C69FBA /* Debug */ = {
			isa = XCBuildConfiguration;
			baseConfigurationReference = D65A6FE71E40002800C69FBA /* msal__ios__framework.xcconfig */;
			buildSettings = {
				APPLICATION_EXTENSION_API_ONLY = YES;
				CODE_SIGN_IDENTITY = "iPhone Developer";
				"CODE_SIGN_IDENTITY[sdk=iphoneos*]" = "iPhone Developer";
				DEVELOPMENT_TEAM = 98ASURPE63;
				PRODUCT_BUNDLE_IDENTIFIER = com.pillohealth.MSAL;
			};
			name = Debug;
		};
		D65A6F4A1E3FD30A00C69FBA /* Release */ = {
			isa = XCBuildConfiguration;
			baseConfigurationReference = D65A6FE71E40002800C69FBA /* msal__ios__framework.xcconfig */;
			buildSettings = {
				APPLICATION_EXTENSION_API_ONLY = YES;
				CODE_SIGN_IDENTITY = "iPhone Developer";
				"CODE_SIGN_IDENTITY[sdk=iphoneos*]" = "iPhone Developer";
				DEVELOPMENT_TEAM = 98ASURPE63;
				PRODUCT_BUNDLE_IDENTIFIER = com.pillohealth.MSAL;
			};
			name = Release;
		};
		D6DFF3A91E2579370012891A /* Debug */ = {
			isa = XCBuildConfiguration;
			baseConfigurationReference = D65A6FF01E4026B900C69FBA /* msal__debug.xcconfig */;
			buildSettings = {
				GCC_PREPROCESSOR_DEFINITIONS = (
					"DEBUG=1",
					"$(inherited)",
				);
			};
			name = Debug;
		};
		D6DFF3AA1E2579370012891A /* Release */ = {
			isa = XCBuildConfiguration;
			baseConfigurationReference = D65A6FF11E4026C000C69FBA /* msal__release.xcconfig */;
			buildSettings = {
			};
			name = Release;
		};
/* End XCBuildConfiguration section */

/* Begin XCConfigurationList section */
		D65A6F481E3FD30A00C69FBA /* Build configuration list for PBXNativeTarget "MSAL" */ = {
			isa = XCConfigurationList;
			buildConfigurations = (
				D65A6F491E3FD30A00C69FBA /* Debug */,
				D65A6F4A1E3FD30A00C69FBA /* Release */,
			);
			defaultConfigurationIsVisible = 0;
			defaultConfigurationName = Release;
		};
		D6DFF39D1E2579360012891A /* Build configuration list for PBXProject "MSAL" */ = {
			isa = XCConfigurationList;
			buildConfigurations = (
				D6DFF3A91E2579370012891A /* Debug */,
				D6DFF3AA1E2579370012891A /* Release */,
			);
			defaultConfigurationIsVisible = 0;
			defaultConfigurationName = Release;
		};
/* End XCConfigurationList section */
	};
	rootObject = D6DFF39A1E2579360012891A /* Project object */;
}
